
Microsoft Visual Studio Solution File, Format Version 12.00
Project("{FAE04EC0-301F-11D3-BF4B-00C04F79EFBC}") = "Mappa", "Mappa\Mappa.csproj", "{382DD3E5-FC9F-4917-A18F-0F1146179746}"
EndProject
Project("{FAE04EC0-301F-11D3-BF4B-00C04F79EFBC}") = "Driver", "Driver\Driver.csproj", "{ED87B07D-0B33-4956-8186-9AF009E1F336}"
EndProject
Global
	GlobalSection(SolutionConfigurationPlatforms) = preSolution
		Debug|Any CPU = Debug|Any CPU
		Release|Any CPU = Release|Any CPU
	EndGlobalSection
	GlobalSection(ProjectConfigurationPlatforms) = postSolution
		{382DD3E5-FC9F-4917-A18F-0F1146179746}.Debug|Any CPU.ActiveCfg = Debug|Any CPU
		{382DD3E5-FC9F-4917-A18F-0F1146179746}.Debug|Any CPU.Build.0 = Debug|Any CPU
		{382DD3E5-FC9F-4917-A18F-0F1146179746}.Release|Any CPU.ActiveCfg = Release|Any CPU
		{382DD3E5-FC9F-4917-A18F-0F1146179746}.Release|Any CPU.Build.0 = Release|Any CPU
		{ED87B07D-0B33-4956-8186-9AF009E1F336}.Debug|Any CPU.ActiveCfg = Debug|Any CPU
		{ED87B07D-0B33-4956-8186-9AF009E1F336}.Debug|Any CPU.Build.0 = Debug|Any CPU
		{ED87B07D-0B33-4956-8186-9AF009E1F336}.Release|Any CPU.ActiveCfg = Release|Any CPU
		{ED87B07D-0B33-4956-8186-9AF009E1F336}.Release|Any CPU.Build.0 = Release|Any CPU
	EndGlobalSection
EndGlobal
